// !$*UTF8*$!
{
	archiveVersion = 1;
	classes = {
	};
	objectVersion = 56;
	objects = {

/* Begin PBXBuildFile section */
		875151EB2AC3907900941A3D /* AppView.swift in Sources */ = {isa = PBXBuildFile; fileRef = 875151EA2AC3907900941A3D /* AppView.swift */; };
		875151F12AC3914500941A3D /* UserLocationManager.swift in Sources */ = {isa = PBXBuildFile; fileRef = 875151F02AC3914500941A3D /* UserLocationManager.swift */; };
		875151F32AC3916800941A3D /* LocationSearchManager.swift in Sources */ = {isa = PBXBuildFile; fileRef = 875151F22AC3916800941A3D /* LocationSearchManager.swift */; };
		875151F52AC391A800941A3D /* ApiDataModels.swift in Sources */ = {isa = PBXBuildFile; fileRef = 875151F42AC391A800941A3D /* ApiDataModels.swift */; };
		875151F72AC391B700941A3D /* ViewDataModels.swift in Sources */ = {isa = PBXBuildFile; fileRef = 875151F62AC391B700941A3D /* ViewDataModels.swift */; };
		875151F92AC4806500941A3D /* DataManager.swift in Sources */ = {isa = PBXBuildFile; fileRef = 875151F82AC4806500941A3D /* DataManager.swift */; };
		8758AE232AC4DB7100068D55 /* LocationsHomeView.swift in Sources */ = {isa = PBXBuildFile; fileRef = 8758AE222AC4DB7100068D55 /* LocationsHomeView.swift */; };
		8758AE252AC4DB7800068D55 /* LocationListRowView.swift in Sources */ = {isa = PBXBuildFile; fileRef = 8758AE242AC4DB7800068D55 /* LocationListRowView.swift */; };
		8758AE272AC4DB7E00068D55 /* LocationListTileView.swift in Sources */ = {isa = PBXBuildFile; fileRef = 8758AE262AC4DB7E00068D55 /* LocationListTileView.swift */; };
		8758AE2A2AC4DB9300068D55 /* LocationWeatherView.swift in Sources */ = {isa = PBXBuildFile; fileRef = 8758AE292AC4DB9300068D55 /* LocationWeatherView.swift */; };
		8758AE2C2AC4DB9900068D55 /* WeatherTileView.swift in Sources */ = {isa = PBXBuildFile; fileRef = 8758AE2B2AC4DB9900068D55 /* WeatherTileView.swift */; };
		8758AE2E2AC4DBA000068D55 /* HourlyForecastTileView.swift in Sources */ = {isa = PBXBuildFile; fileRef = 8758AE2D2AC4DBA000068D55 /* HourlyForecastTileView.swift */; };
		8758AE302AC4DBC900068D55 /* ForecastDiscussionView.swift in Sources */ = {isa = PBXBuildFile; fileRef = 8758AE2F2AC4DBC900068D55 /* ForecastDiscussionView.swift */; };
		8758AE322AC4DBD800068D55 /* SettingsView.swift in Sources */ = {isa = PBXBuildFile; fileRef = 8758AE312AC4DBD800068D55 /* SettingsView.swift */; };
		8758AE352AC4DBF300068D55 /* LocationSearchResultsView.swift in Sources */ = {isa = PBXBuildFile; fileRef = 8758AE342AC4DBF300068D55 /* LocationSearchResultsView.swift */; };
		8758AE372AC4DBFA00068D55 /* NewLocationView.swift in Sources */ = {isa = PBXBuildFile; fileRef = 8758AE362AC4DBFA00068D55 /* NewLocationView.swift */; };
		8758AE3B2AC4DC2300068D55 /* ShimmerEffectAnimationView.swift in Sources */ = {isa = PBXBuildFile; fileRef = 8758AE3A2AC4DC2300068D55 /* ShimmerEffectAnimationView.swift */; };
		876BB2FE2A8DBE8500A2332F /* WeatherDevApp.swift in Sources */ = {isa = PBXBuildFile; fileRef = 876BB2FD2A8DBE8500A2332F /* WeatherDevApp.swift */; };
		876BB3022A8DBE8700A2332F /* Assets.xcassets in Resources */ = {isa = PBXBuildFile; fileRef = 876BB3012A8DBE8700A2332F /* Assets.xcassets */; };
		876BB3062A8DBE8700A2332F /* Preview Assets.xcassets in Resources */ = {isa = PBXBuildFile; fileRef = 876BB3052A8DBE8700A2332F /* Preview Assets.xcassets */; };
/* End PBXBuildFile section */

/* Begin PBXFileReference section */
		875151EA2AC3907900941A3D /* AppView.swift */ = {isa = PBXFileReference; lastKnownFileType = sourcecode.swift; path = AppView.swift; sourceTree = "<group>"; };
		875151F02AC3914500941A3D /* UserLocationManager.swift */ = {isa = PBXFileReference; lastKnownFileType = sourcecode.swift; path = UserLocationManager.swift; sourceTree = "<group>"; };
		875151F22AC3916800941A3D /* LocationSearchManager.swift */ = {isa = PBXFileReference; lastKnownFileType = sourcecode.swift; path = LocationSearchManager.swift; sourceTree = "<group>"; };
		875151F42AC391A800941A3D /* ApiDataModels.swift */ = {isa = PBXFileReference; lastKnownFileType = sourcecode.swift; path = ApiDataModels.swift; sourceTree = "<group>"; };
		875151F62AC391B700941A3D /* ViewDataModels.swift */ = {isa = PBXFileReference; lastKnownFileType = sourcecode.swift; path = ViewDataModels.swift; sourceTree = "<group>"; };
		875151F82AC4806500941A3D /* DataManager.swift */ = {isa = PBXFileReference; lastKnownFileType = sourcecode.swift; path = DataManager.swift; sourceTree = "<group>"; };
		8758AE222AC4DB7100068D55 /* LocationsHomeView.swift */ = {isa = PBXFileReference; lastKnownFileType = sourcecode.swift; path = LocationsHomeView.swift; sourceTree = "<group>"; };
		8758AE242AC4DB7800068D55 /* LocationListRowView.swift */ = {isa = PBXFileReference; lastKnownFileType = sourcecode.swift; path = LocationListRowView.swift; sourceTree = "<group>"; };
		8758AE262AC4DB7E00068D55 /* LocationListTileView.swift */ = {isa = PBXFileReference; lastKnownFileType = sourcecode.swift; path = LocationListTileView.swift; sourceTree = "<group>"; };
		8758AE292AC4DB9300068D55 /* LocationWeatherView.swift */ = {isa = PBXFileReference; lastKnownFileType = sourcecode.swift; path = LocationWeatherView.swift; sourceTree = "<group>"; };
		8758AE2B2AC4DB9900068D55 /* WeatherTileView.swift */ = {isa = PBXFileReference; lastKnownFileType = sourcecode.swift; path = WeatherTileView.swift; sourceTree = "<group>"; };
		8758AE2D2AC4DBA000068D55 /* HourlyForecastTileView.swift */ = {isa = PBXFileReference; lastKnownFileType = sourcecode.swift; path = HourlyForecastTileView.swift; sourceTree = "<group>"; };
		8758AE2F2AC4DBC900068D55 /* ForecastDiscussionView.swift */ = {isa = PBXFileReference; lastKnownFileType = sourcecode.swift; path = ForecastDiscussionView.swift; sourceTree = "<group>"; };
		8758AE312AC4DBD800068D55 /* SettingsView.swift */ = {isa = PBXFileReference; lastKnownFileType = sourcecode.swift; path = SettingsView.swift; sourceTree = "<group>"; };
		8758AE342AC4DBF300068D55 /* LocationSearchResultsView.swift */ = {isa = PBXFileReference; lastKnownFileType = sourcecode.swift; path = LocationSearchResultsView.swift; sourceTree = "<group>"; };
		8758AE362AC4DBFA00068D55 /* NewLocationView.swift */ = {isa = PBXFileReference; lastKnownFileType = sourcecode.swift; path = NewLocationView.swift; sourceTree = "<group>"; };
		8758AE3A2AC4DC2300068D55 /* ShimmerEffectAnimationView.swift */ = {isa = PBXFileReference; lastKnownFileType = sourcecode.swift; path = ShimmerEffectAnimationView.swift; sourceTree = "<group>"; };
		876BB2FA2A8DBE8500A2332F /* WeatherDev.app */ = {isa = PBXFileReference; explicitFileType = wrapper.application; includeInIndex = 0; path = WeatherDev.app; sourceTree = BUILT_PRODUCTS_DIR; };
		876BB2FD2A8DBE8500A2332F /* WeatherDevApp.swift */ = {isa = PBXFileReference; lastKnownFileType = sourcecode.swift; path = WeatherDevApp.swift; sourceTree = "<group>"; };
		876BB3012A8DBE8700A2332F /* Assets.xcassets */ = {isa = PBXFileReference; lastKnownFileType = folder.assetcatalog; path = Assets.xcassets; sourceTree = "<group>"; };
		876BB3032A8DBE8700A2332F /* WeatherDev.entitlements */ = {isa = PBXFileReference; lastKnownFileType = text.plist.entitlements; path = WeatherDev.entitlements; sourceTree = "<group>"; };
		876BB3052A8DBE8700A2332F /* Preview Assets.xcassets */ = {isa = PBXFileReference; lastKnownFileType = folder.assetcatalog; path = "Preview Assets.xcassets"; sourceTree = "<group>"; };
/* End PBXFileReference section */

/* Begin PBXFrameworksBuildPhase section */
		876BB2F72A8DBE8500A2332F /* Frameworks */ = {
			isa = PBXFrameworksBuildPhase;
			buildActionMask = 2147483647;
			files = (
			);
			runOnlyForDeploymentPostprocessing = 0;
		};
/* End PBXFrameworksBuildPhase section */

/* Begin PBXGroup section */
		875151EC2AC390D400941A3D /* DataManagement */ = {
			isa = PBXGroup;
			children = (
				875151F82AC4806500941A3D /* DataManager.swift */,
				875151F62AC391B700941A3D /* ViewDataModels.swift */,
				875151F42AC391A800941A3D /* ApiDataModels.swift */,
			);
			path = DataManagement;
			sourceTree = "<group>";
		};
		875151ED2AC3910300941A3D /* Views */ = {
			isa = PBXGroup;
			children = (
				8758AE222AC4DB7100068D55 /* LocationsHomeView.swift */,
				8758AE242AC4DB7800068D55 /* LocationListRowView.swift */,
				8758AE262AC4DB7E00068D55 /* LocationListTileView.swift */,
				8758AE282AC4DB8700068D55 /* WeatherForecastPage */,
				8758AE312AC4DBD800068D55 /* SettingsView.swift */,
				8758AE332AC4DBE800068D55 /* LocationSearchViews */,
				8758AE392AC4DC0F00068D55 /* PlaceholderViews */,
			);
			path = Views;
			sourceTree = "<group>";
		};
		875151EF2AC3911D00941A3D /* LocationManagement */ = {
			isa = PBXGroup;
			children = (
				875151F02AC3914500941A3D /* UserLocationManager.swift */,
				875151F22AC3916800941A3D /* LocationSearchManager.swift */,
			);
			path = LocationManagement;
			sourceTree = "<group>";
		};
		8758AE282AC4DB8700068D55 /* WeatherForecastPage */ = {
			isa = PBXGroup;
			children = (
				8758AE292AC4DB9300068D55 /* LocationWeatherView.swift */,
				8758AE2B2AC4DB9900068D55 /* WeatherTileView.swift */,
				8758AE2D2AC4DBA000068D55 /* HourlyForecastTileView.swift */,
				8758AE2F2AC4DBC900068D55 /* ForecastDiscussionView.swift */,
			);
			path = WeatherForecastPage;
			sourceTree = "<group>";
		};
		8758AE332AC4DBE800068D55 /* LocationSearchViews */ = {
			isa = PBXGroup;
			children = (
				8758AE342AC4DBF300068D55 /* LocationSearchResultsView.swift */,
				8758AE362AC4DBFA00068D55 /* NewLocationView.swift */,
			);
			path = LocationSearchViews;
			sourceTree = "<group>";
		};
		8758AE392AC4DC0F00068D55 /* PlaceholderViews */ = {
			isa = PBXGroup;
			children = (
				8758AE3A2AC4DC2300068D55 /* ShimmerEffectAnimationView.swift */,
			);
			path = PlaceholderViews;
			sourceTree = "<group>";
		};
		876BB2F12A8DBE8500A2332F = {
			isa = PBXGroup;
			children = (
				876BB2FC2A8DBE8500A2332F /* WeatherDev */,
				876BB2FB2A8DBE8500A2332F /* Products */,
			);
			sourceTree = "<group>";
		};
		876BB2FB2A8DBE8500A2332F /* Products */ = {
			isa = PBXGroup;
			children = (
				876BB2FA2A8DBE8500A2332F /* WeatherDev.app */,
			);
			name = Products;
			sourceTree = "<group>";
		};
		876BB2FC2A8DBE8500A2332F /* WeatherDev */ = {
			isa = PBXGroup;
			children = (
				876BB2FD2A8DBE8500A2332F /* WeatherDevApp.swift */,
				875151EA2AC3907900941A3D /* AppView.swift */,
				875151ED2AC3910300941A3D /* Views */,
				875151EC2AC390D400941A3D /* DataManagement */,
				875151EF2AC3911D00941A3D /* LocationManagement */,
				876BB3012A8DBE8700A2332F /* Assets.xcassets */,
				876BB3032A8DBE8700A2332F /* WeatherDev.entitlements */,
				876BB3042A8DBE8700A2332F /* Preview Content */,
			);
			path = WeatherDev;
			sourceTree = "<group>";
		};
		876BB3042A8DBE8700A2332F /* Preview Content */ = {
			isa = PBXGroup;
			children = (
				876BB3052A8DBE8700A2332F /* Preview Assets.xcassets */,
			);
			path = "Preview Content";
			sourceTree = "<group>";
		};
/* End PBXGroup section */

/* Begin PBXNativeTarget section */
		876BB2F92A8DBE8500A2332F /* WeatherDev */ = {
			isa = PBXNativeTarget;
			buildConfigurationList = 876BB3092A8DBE8700A2332F /* Build configuration list for PBXNativeTarget "WeatherDev" */;
			buildPhases = (
				876BB2F62A8DBE8500A2332F /* Sources */,
				876BB2F72A8DBE8500A2332F /* Frameworks */,
				876BB2F82A8DBE8500A2332F /* Resources */,
			);
			buildRules = (
			);
			dependencies = (
			);
			name = WeatherDev;
			productName = WeatherDev;
			productReference = 876BB2FA2A8DBE8500A2332F /* WeatherDev.app */;
			productType = "com.apple.product-type.application";
		};
/* End PBXNativeTarget section */

/* Begin PBXProject section */
		876BB2F22A8DBE8500A2332F /* Project object */ = {
			isa = PBXProject;
			attributes = {
				BuildIndependentTargetsInParallel = 1;
				LastSwiftUpdateCheck = 1500;
				LastUpgradeCheck = 1500;
				TargetAttributes = {
					876BB2F92A8DBE8500A2332F = {
						CreatedOnToolsVersion = 15.0;
					};
				};
			};
			buildConfigurationList = 876BB2F52A8DBE8500A2332F /* Build configuration list for PBXProject "WeatherDev" */;
			compatibilityVersion = "Xcode 14.0";
			developmentRegion = en;
			hasScannedForEncodings = 0;
			knownRegions = (
				en,
				Base,
			);
			mainGroup = 876BB2F12A8DBE8500A2332F;
			productRefGroup = 876BB2FB2A8DBE8500A2332F /* Products */;
			projectDirPath = "";
			projectRoot = "";
			targets = (
				876BB2F92A8DBE8500A2332F /* WeatherDev */,
			);
		};
/* End PBXProject section */

/* Begin PBXResourcesBuildPhase section */
		876BB2F82A8DBE8500A2332F /* Resources */ = {
			isa = PBXResourcesBuildPhase;
			buildActionMask = 2147483647;
			files = (
				876BB3062A8DBE8700A2332F /* Preview Assets.xcassets in Resources */,
				876BB3022A8DBE8700A2332F /* Assets.xcassets in Resources */,
			);
			runOnlyForDeploymentPostprocessing = 0;
		};
/* End PBXResourcesBuildPhase section */

/* Begin PBXSourcesBuildPhase section */
		876BB2F62A8DBE8500A2332F /* Sources */ = {
			isa = PBXSourcesBuildPhase;
			buildActionMask = 2147483647;
			files = (
				8758AE322AC4DBD800068D55 /* SettingsView.swift in Sources */,
				875151F32AC3916800941A3D /* LocationSearchManager.swift in Sources */,
				875151F52AC391A800941A3D /* ApiDataModels.swift in Sources */,
				8758AE2A2AC4DB9300068D55 /* LocationWeatherView.swift in Sources */,
				8758AE232AC4DB7100068D55 /* LocationsHomeView.swift in Sources */,
				8758AE252AC4DB7800068D55 /* LocationListRowView.swift in Sources */,
				8758AE352AC4DBF300068D55 /* LocationSearchResultsView.swift in Sources */,
				8758AE2C2AC4DB9900068D55 /* WeatherTileView.swift in Sources */,
				875151F72AC391B700941A3D /* ViewDataModels.swift in Sources */,
				8758AE2E2AC4DBA000068D55 /* HourlyForecastTileView.swift in Sources */,
				875151F92AC4806500941A3D /* DataManager.swift in Sources */,
				875151EB2AC3907900941A3D /* AppView.swift in Sources */,
				8758AE272AC4DB7E00068D55 /* LocationListTileView.swift in Sources */,
				8758AE302AC4DBC900068D55 /* ForecastDiscussionView.swift in Sources */,
				876BB2FE2A8DBE8500A2332F /* WeatherDevApp.swift in Sources */,
				875151F12AC3914500941A3D /* UserLocationManager.swift in Sources */,
				8758AE3B2AC4DC2300068D55 /* ShimmerEffectAnimationView.swift in Sources */,
				8758AE372AC4DBFA00068D55 /* NewLocationView.swift in Sources */,
			);
			runOnlyForDeploymentPostprocessing = 0;
		};
/* End PBXSourcesBuildPhase section */

/* Begin XCBuildConfiguration section */
		876BB3072A8DBE8700A2332F /* Debug */ = {
			isa = XCBuildConfiguration;
			buildSettings = {
				ALWAYS_SEARCH_USER_PATHS = NO;
				ASSETCATALOG_COMPILER_GENERATE_SWIFT_ASSET_SYMBOL_EXTENSIONS = YES;
				CLANG_ANALYZER_NONNULL = YES;
				CLANG_ANALYZER_NUMBER_OBJECT_CONVERSION = YES_AGGRESSIVE;
				CLANG_CXX_LANGUAGE_STANDARD = "gnu++20";
				CLANG_ENABLE_MODULES = YES;
				CLANG_ENABLE_OBJC_ARC = YES;
				CLANG_ENABLE_OBJC_WEAK = YES;
				CLANG_WARN_BLOCK_CAPTURE_AUTORELEASING = YES;
				CLANG_WARN_BOOL_CONVERSION = YES;
				CLANG_WARN_COMMA = YES;
				CLANG_WARN_CONSTANT_CONVERSION = YES;
				CLANG_WARN_DEPRECATED_OBJC_IMPLEMENTATIONS = YES;
				CLANG_WARN_DIRECT_OBJC_ISA_USAGE = YES_ERROR;
				CLANG_WARN_DOCUMENTATION_COMMENTS = YES;
				CLANG_WARN_EMPTY_BODY = YES;
				CLANG_WARN_ENUM_CONVERSION = YES;
				CLANG_WARN_INFINITE_RECURSION = YES;
				CLANG_WARN_INT_CONVERSION = YES;
				CLANG_WARN_NON_LITERAL_NULL_CONVERSION = YES;
				CLANG_WARN_OBJC_IMPLICIT_RETAIN_SELF = YES;
				CLANG_WARN_OBJC_LITERAL_CONVERSION = YES;
				CLANG_WARN_OBJC_ROOT_CLASS = YES_ERROR;
				CLANG_WARN_QUOTED_INCLUDE_IN_FRAMEWORK_HEADER = YES;
				CLANG_WARN_RANGE_LOOP_ANALYSIS = YES;
				CLANG_WARN_STRICT_PROTOTYPES = YES;
				CLANG_WARN_SUSPICIOUS_MOVE = YES;
				CLANG_WARN_UNGUARDED_AVAILABILITY = YES_AGGRESSIVE;
				CLANG_WARN_UNREACHABLE_CODE = YES;
				CLANG_WARN__DUPLICATE_METHOD_MATCH = YES;
				COPY_PHASE_STRIP = NO;
				DEBUG_INFORMATION_FORMAT = dwarf;
				ENABLE_STRICT_OBJC_MSGSEND = YES;
				ENABLE_TESTABILITY = YES;
				ENABLE_USER_SCRIPT_SANDBOXING = YES;
				GCC_C_LANGUAGE_STANDARD = gnu17;
				GCC_DYNAMIC_NO_PIC = NO;
				GCC_NO_COMMON_BLOCKS = YES;
				GCC_OPTIMIZATION_LEVEL = 0;
				GCC_PREPROCESSOR_DEFINITIONS = (
					"DEBUG=1",
					"$(inherited)",
				);
				GCC_WARN_64_TO_32_BIT_CONVERSION = YES;
				GCC_WARN_ABOUT_RETURN_TYPE = YES_ERROR;
				GCC_WARN_UNDECLARED_SELECTOR = YES;
				GCC_WARN_UNINITIALIZED_AUTOS = YES_AGGRESSIVE;
				GCC_WARN_UNUSED_FUNCTION = YES;
				GCC_WARN_UNUSED_VARIABLE = YES;
				LOCALIZATION_PREFERS_STRING_CATALOGS = YES;
				MTL_ENABLE_DEBUG_INFO = INCLUDE_SOURCE;
				MTL_FAST_MATH = YES;
				ONLY_ACTIVE_ARCH = YES;
				SWIFT_ACTIVE_COMPILATION_CONDITIONS = "DEBUG $(inherited)";
				SWIFT_OPTIMIZATION_LEVEL = "-Onone";
			};
			name = Debug;
		};
		876BB3082A8DBE8700A2332F /* Release */ = {
			isa = XCBuildConfiguration;
			buildSettings = {
				ALWAYS_SEARCH_USER_PATHS = NO;
				ASSETCATALOG_COMPILER_GENERATE_SWIFT_ASSET_SYMBOL_EXTENSIONS = YES;
				CLANG_ANALYZER_NONNULL = YES;
				CLANG_ANALYZER_NUMBER_OBJECT_CONVERSION = YES_AGGRESSIVE;
				CLANG_CXX_LANGUAGE_STANDARD = "gnu++20";
				CLANG_ENABLE_MODULES = YES;
				CLANG_ENABLE_OBJC_ARC = YES;
				CLANG_ENABLE_OBJC_WEAK = YES;
				CLANG_WARN_BLOCK_CAPTURE_AUTORELEASING = YES;
				CLANG_WARN_BOOL_CONVERSION = YES;
				CLANG_WARN_COMMA = YES;
				CLANG_WARN_CONSTANT_CONVERSION = YES;
				CLANG_WARN_DEPRECATED_OBJC_IMPLEMENTATIONS = YES;
				CLANG_WARN_DIRECT_OBJC_ISA_USAGE = YES_ERROR;
				CLANG_WARN_DOCUMENTATION_COMMENTS = YES;
				CLANG_WARN_EMPTY_BODY = YES;
				CLANG_WARN_ENUM_CONVERSION = YES;
				CLANG_WARN_INFINITE_RECURSION = YES;
				CLANG_WARN_INT_CONVERSION = YES;
				CLANG_WARN_NON_LITERAL_NULL_CONVERSION = YES;
				CLANG_WARN_OBJC_IMPLICIT_RETAIN_SELF = YES;
				CLANG_WARN_OBJC_LITERAL_CONVERSION = YES;
				CLANG_WARN_OBJC_ROOT_CLASS = YES_ERROR;
				CLANG_WARN_QUOTED_INCLUDE_IN_FRAMEWORK_HEADER = YES;
				CLANG_WARN_RANGE_LOOP_ANALYSIS = YES;
				CLANG_WARN_STRICT_PROTOTYPES = YES;
				CLANG_WARN_SUSPICIOUS_MOVE = YES;
				CLANG_WARN_UNGUARDED_AVAILABILITY = YES_AGGRESSIVE;
				CLANG_WARN_UNREACHABLE_CODE = YES;
				CLANG_WARN__DUPLICATE_METHOD_MATCH = YES;
				COPY_PHASE_STRIP = NO;
				DEBUG_INFORMATION_FORMAT = "dwarf-with-dsym";
				ENABLE_NS_ASSERTIONS = NO;
				ENABLE_STRICT_OBJC_MSGSEND = YES;
				ENABLE_USER_SCRIPT_SANDBOXING = YES;
				GCC_C_LANGUAGE_STANDARD = gnu17;
				GCC_NO_COMMON_BLOCKS = YES;
				GCC_WARN_64_TO_32_BIT_CONVERSION = YES;
				GCC_WARN_ABOUT_RETURN_TYPE = YES_ERROR;
				GCC_WARN_UNDECLARED_SELECTOR = YES;
				GCC_WARN_UNINITIALIZED_AUTOS = YES_AGGRESSIVE;
				GCC_WARN_UNUSED_FUNCTION = YES;
				GCC_WARN_UNUSED_VARIABLE = YES;
				LOCALIZATION_PREFERS_STRING_CATALOGS = YES;
				MTL_ENABLE_DEBUG_INFO = NO;
				MTL_FAST_MATH = YES;
				SWIFT_COMPILATION_MODE = wholemodule;
			};
			name = Release;
		};
		876BB30A2A8DBE8700A2332F /* Debug */ = {
			isa = XCBuildConfiguration;
			buildSettings = {
				ASSETCATALOG_COMPILER_APPICON_NAME = AppIcon;
				ASSETCATALOG_COMPILER_GLOBAL_ACCENT_COLOR_NAME = AccentColor;
				CODE_SIGN_ENTITLEMENTS = WeatherDev/WeatherDev.entitlements;
				CODE_SIGN_STYLE = Automatic;
				CURRENT_PROJECT_VERSION = 1;
				DEVELOPMENT_ASSET_PATHS = "\"WeatherDev/Preview Content\"";
				DEVELOPMENT_TEAM = 33MAXP8MNQ;
				ENABLE_HARDENED_RUNTIME = YES;
				ENABLE_PREVIEWS = YES;
				GENERATE_INFOPLIST_FILE = YES;
				INFOPLIST_KEY_NSFileProviderDomainUsageDescription = "To get the weather for your location.";
				INFOPLIST_KEY_NSLocationWhenInUseUsageDescription = "To get the weather for your location.";
				"INFOPLIST_KEY_UIApplicationSceneManifest_Generation[sdk=iphoneos*]" = YES;
				"INFOPLIST_KEY_UIApplicationSceneManifest_Generation[sdk=iphonesimulator*]" = YES;
				"INFOPLIST_KEY_UIApplicationSupportsIndirectInputEvents[sdk=iphoneos*]" = YES;
				"INFOPLIST_KEY_UIApplicationSupportsIndirectInputEvents[sdk=iphonesimulator*]" = YES;
				"INFOPLIST_KEY_UILaunchScreen_Generation[sdk=iphoneos*]" = YES;
				"INFOPLIST_KEY_UILaunchScreen_Generation[sdk=iphonesimulator*]" = YES;
				"INFOPLIST_KEY_UIStatusBarStyle[sdk=iphoneos*]" = UIStatusBarStyleDefault;
				"INFOPLIST_KEY_UIStatusBarStyle[sdk=iphonesimulator*]" = UIStatusBarStyleDefault;
				INFOPLIST_KEY_UISupportedInterfaceOrientations_iPad = "UIInterfaceOrientationPortrait UIInterfaceOrientationPortraitUpsideDown UIInterfaceOrientationLandscapeLeft UIInterfaceOrientationLandscapeRight";
				INFOPLIST_KEY_UISupportedInterfaceOrientations_iPhone = "UIInterfaceOrientationPortrait UIInterfaceOrientationLandscapeLeft UIInterfaceOrientationLandscapeRight";
				IPHONEOS_DEPLOYMENT_TARGET = 17.0;
				LD_RUNPATH_SEARCH_PATHS = "@executable_path/Frameworks";
				"LD_RUNPATH_SEARCH_PATHS[sdk=macosx*]" = "@executable_path/../Frameworks";
				MACOSX_DEPLOYMENT_TARGET = 14.0;
				MARKETING_VERSION = 1.0;
				PRODUCT_BUNDLE_IDENTIFIER = com.jasonkoehn.WeatherDev;
				PRODUCT_NAME = "$(TARGET_NAME)";
				SDKROOT = auto;
				SUPPORTED_PLATFORMS = "iphoneos iphonesimulator";
				SUPPORTS_MACCATALYST = NO;
				SUPPORTS_MAC_DESIGNED_FOR_IPHONE_IPAD = YES;
				SWIFT_EMIT_LOC_STRINGS = YES;
				SWIFT_VERSION = 5.0;
				TARGETED_DEVICE_FAMILY = "1,2";
			};
			name = Debug;
		};
		876BB30B2A8DBE8700A2332F /* Release */ = {
			isa = XCBuildConfiguration;
			buildSettings = {
				ASSETCATALOG_COMPILER_APPICON_NAME = AppIcon;
				ASSETCATALOG_COMPILER_GLOBAL_ACCENT_COLOR_NAME = AccentColor;
				CODE_SIGN_ENTITLEMENTS = WeatherDev/WeatherDev.entitlements;
				CODE_SIGN_STYLE = Automatic;
				CURRENT_PROJECT_VERSION = 1;
				DEVELOPMENT_ASSET_PATHS = "\"WeatherDev/Preview Content\"";
				DEVELOPMENT_TEAM = 33MAXP8MNQ;
				ENABLE_HARDENED_RUNTIME = YES;
				ENABLE_PREVIEWS = YES;
				GENERATE_INFOPLIST_FILE = YES;
				INFOPLIST_KEY_NSFileProviderDomainUsageDescription = "To get the weather for your location.";
				INFOPLIST_KEY_NSLocationWhenInUseUsageDescription = "To get the weather for your location.";
				"INFOPLIST_KEY_UIApplicationSceneManifest_Generation[sdk=iphoneos*]" = YES;
				"INFOPLIST_KEY_UIApplicationSceneManifest_Generation[sdk=iphonesimulator*]" = YES;
				"INFOPLIST_KEY_UIApplicationSupportsIndirectInputEvents[sdk=iphoneos*]" = YES;
				"INFOPLIST_KEY_UIApplicationSupportsIndirectInputEvents[sdk=iphonesimulator*]" = YES;
				"INFOPLIST_KEY_UILaunchScreen_Generation[sdk=iphoneos*]" = YES;
				"INFOPLIST_KEY_UILaunchScreen_Generation[sdk=iphonesimulator*]" = YES;
				"INFOPLIST_KEY_UIStatusBarStyle[sdk=iphoneos*]" = UIStatusBarStyleDefault;
				"INFOPLIST_KEY_UIStatusBarStyle[sdk=iphonesimulator*]" = UIStatusBarStyleDefault;
				INFOPLIST_KEY_UISupportedInterfaceOrientations_iPad = "UIInterfaceOrientationPortrait UIInterfaceOrientationPortraitUpsideDown UIInterfaceOrientationLandscapeLeft UIInterfaceOrientationLandscapeRight";
				INFOPLIST_KEY_UISupportedInterfaceOrientations_iPhone = "UIInterfaceOrientationPortrait UIInterfaceOrientationLandscapeLeft UIInterfaceOrientationLandscapeRight";
				IPHONEOS_DEPLOYMENT_TARGET = 17.0;
				LD_RUNPATH_SEARCH_PATHS = "@executable_path/Frameworks";
				"LD_RUNPATH_SEARCH_PATHS[sdk=macosx*]" = "@executable_path/../Frameworks";
				MACOSX_DEPLOYMENT_TARGET = 14.0;
				MARKETING_VERSION = 1.0;
				PRODUCT_BUNDLE_IDENTIFIER = com.jasonkoehn.WeatherDev;
				PRODUCT_NAME = "$(TARGET_NAME)";
				SDKROOT = auto;
				SUPPORTED_PLATFORMS = "iphoneos iphonesimulator";
				SUPPORTS_MACCATALYST = NO;
				SUPPORTS_MAC_DESIGNED_FOR_IPHONE_IPAD = YES;
				SWIFT_EMIT_LOC_STRINGS = YES;
				SWIFT_VERSION = 5.0;
				TARGETED_DEVICE_FAMILY = "1,2";
			};
			name = Release;
		};
/* End XCBuildConfiguration section */

/* Begin XCConfigurationList section */
		876BB2F52A8DBE8500A2332F /* Build configuration list for PBXProject "WeatherDev" */ = {
			isa = XCConfigurationList;
			buildConfigurations = (
				876BB3072A8DBE8700A2332F /* Debug */,
				876BB3082A8DBE8700A2332F /* Release */,
			);
			defaultConfigurationIsVisible = 0;
			defaultConfigurationName = Release;
		};
		876BB3092A8DBE8700A2332F /* Build configuration list for PBXNativeTarget "WeatherDev" */ = {
			isa = XCConfigurationList;
			buildConfigurations = (
				876BB30A2A8DBE8700A2332F /* Debug */,
				876BB30B2A8DBE8700A2332F /* Release */,
			);
			defaultConfigurationIsVisible = 0;
			defaultConfigurationName = Release;
		};
/* End XCConfigurationList section */
	};
	rootObject = 876BB2F22A8DBE8500A2332F /* Project object */;
}
