// !$*UTF8*$!
{
	archiveVersion = 1;
	classes = {
	};
	objectVersion = 56;
	objects = {

/* Begin PBXBuildFile section */
		87193E522AA1344E004DD59B /* Info.swift in Sources */ = {isa = PBXBuildFile; fileRef = 87193E512AA1344E004DD59B /* Info.swift */; };
		872B50C52AB37DB500AED728 /* LocationTileView.swift in Sources */ = {isa = PBXBuildFile; fileRef = 872B50C42AB37DB500AED728 /* LocationTileView.swift */; };
		873A20222AA11CE10019BBEE /* LocationManager.swift in Sources */ = {isa = PBXBuildFile; fileRef = 873A20212AA11CE10019BBEE /* LocationManager.swift */; };
		874D86F32AB24E60005ABCDB /* WeatherView.swift in Sources */ = {isa = PBXBuildFile; fileRef = 874D86F22AB24E60005ABCDB /* WeatherView.swift */; };
		875B93662AA2AC8900C14984 /* WeatherTileView.swift in Sources */ = {isa = PBXBuildFile; fileRef = 875B93652AA2AC8900C14984 /* WeatherTileView.swift */; };
		875B93692AA2B10500C14984 /* DataManager.swift in Sources */ = {isa = PBXBuildFile; fileRef = 875B93682AA2B10500C14984 /* DataManager.swift */; };
		875B936C2AA2B1E700C14984 /* ForecastStruct.swift in Sources */ = {isa = PBXBuildFile; fileRef = 875B936B2AA2B1E700C14984 /* ForecastStruct.swift */; };
		875B936E2AA38E4900C14984 /* ShimmerEffectAnimationView.swift in Sources */ = {isa = PBXBuildFile; fileRef = 875B936D2AA38E4900C14984 /* ShimmerEffectAnimationView.swift */; };
		876BB2FE2A8DBE8500A2332F /* WeatherDevApp.swift in Sources */ = {isa = PBXBuildFile; fileRef = 876BB2FD2A8DBE8500A2332F /* WeatherDevApp.swift */; };
		876BB3022A8DBE8700A2332F /* Assets.xcassets in Resources */ = {isa = PBXBuildFile; fileRef = 876BB3012A8DBE8700A2332F /* Assets.xcassets */; };
		876BB3062A8DBE8700A2332F /* Preview Assets.xcassets in Resources */ = {isa = PBXBuildFile; fileRef = 876BB3052A8DBE8700A2332F /* Preview Assets.xcassets */; };
		877D5F4F2AABBBED00EB2599 /* IconImageView.swift in Sources */ = {isa = PBXBuildFile; fileRef = 877D5F4E2AABBBED00EB2599 /* IconImageView.swift */; };
		878A13822AAFBAE700992123 /* LocationSearchModel.swift in Sources */ = {isa = PBXBuildFile; fileRef = 878A13812AAFBAE700992123 /* LocationSearchModel.swift */; };
		878A13842AAFC8A000992123 /* LocationStructs.swift in Sources */ = {isa = PBXBuildFile; fileRef = 878A13832AAFC8A000992123 /* LocationStructs.swift */; };
		878A138B2AAFC9FD00992123 /* AppView.swift in Sources */ = {isa = PBXBuildFile; fileRef = 878A138A2AAFC9FD00992123 /* AppView.swift */; };
		878A138D2AAFCBEE00992123 /* LocationSearchResultsView.swift in Sources */ = {isa = PBXBuildFile; fileRef = 878A138C2AAFCBEE00992123 /* LocationSearchResultsView.swift */; };
		878A138F2AAFCC4100992123 /* WeatherLocationsView.swift in Sources */ = {isa = PBXBuildFile; fileRef = 878A138E2AAFCC4100992123 /* WeatherLocationsView.swift */; };
		878A13912AB0F37C00992123 /* DataModels.swift in Sources */ = {isa = PBXBuildFile; fileRef = 878A13902AB0F37C00992123 /* DataModels.swift */; };
		878A13932AB105BB00992123 /* NewLocationView.swift in Sources */ = {isa = PBXBuildFile; fileRef = 878A13922AB105BB00992123 /* NewLocationView.swift */; };
/* End PBXBuildFile section */

/* Begin PBXFileReference section */
		87193E512AA1344E004DD59B /* Info.swift */ = {isa = PBXFileReference; lastKnownFileType = sourcecode.swift; path = Info.swift; sourceTree = "<group>"; };
		872B50C42AB37DB500AED728 /* LocationTileView.swift */ = {isa = PBXFileReference; lastKnownFileType = sourcecode.swift; path = LocationTileView.swift; sourceTree = "<group>"; };
		873A20212AA11CE10019BBEE /* LocationManager.swift */ = {isa = PBXFileReference; lastKnownFileType = sourcecode.swift; path = LocationManager.swift; sourceTree = "<group>"; };
		874D86F22AB24E60005ABCDB /* WeatherView.swift */ = {isa = PBXFileReference; lastKnownFileType = sourcecode.swift; path = WeatherView.swift; sourceTree = "<group>"; };
		875B93652AA2AC8900C14984 /* WeatherTileView.swift */ = {isa = PBXFileReference; lastKnownFileType = sourcecode.swift; path = WeatherTileView.swift; sourceTree = "<group>"; };
		875B93682AA2B10500C14984 /* DataManager.swift */ = {isa = PBXFileReference; lastKnownFileType = sourcecode.swift; path = DataManager.swift; sourceTree = "<group>"; };
		875B936B2AA2B1E700C14984 /* ForecastStruct.swift */ = {isa = PBXFileReference; lastKnownFileType = sourcecode.swift; path = ForecastStruct.swift; sourceTree = "<group>"; };
		875B936D2AA38E4900C14984 /* ShimmerEffectAnimationView.swift */ = {isa = PBXFileReference; lastKnownFileType = sourcecode.swift; path = ShimmerEffectAnimationView.swift; sourceTree = "<group>"; };
		876BB2FA2A8DBE8500A2332F /* WeatherDev.app */ = {isa = PBXFileReference; explicitFileType = wrapper.application; includeInIndex = 0; path = WeatherDev.app; sourceTree = BUILT_PRODUCTS_DIR; };
		876BB2FD2A8DBE8500A2332F /* WeatherDevApp.swift */ = {isa = PBXFileReference; lastKnownFileType = sourcecode.swift; path = WeatherDevApp.swift; sourceTree = "<group>"; };
		876BB3012A8DBE8700A2332F /* Assets.xcassets */ = {isa = PBXFileReference; lastKnownFileType = folder.assetcatalog; path = Assets.xcassets; sourceTree = "<group>"; };
		876BB3032A8DBE8700A2332F /* WeatherDev.entitlements */ = {isa = PBXFileReference; lastKnownFileType = text.plist.entitlements; path = WeatherDev.entitlements; sourceTree = "<group>"; };
		876BB3052A8DBE8700A2332F /* Preview Assets.xcassets */ = {isa = PBXFileReference; lastKnownFileType = folder.assetcatalog; path = "Preview Assets.xcassets"; sourceTree = "<group>"; };
		877D5F4E2AABBBED00EB2599 /* IconImageView.swift */ = {isa = PBXFileReference; lastKnownFileType = sourcecode.swift; path = IconImageView.swift; sourceTree = "<group>"; };
		878A13812AAFBAE700992123 /* LocationSearchModel.swift */ = {isa = PBXFileReference; lastKnownFileType = sourcecode.swift; path = LocationSearchModel.swift; sourceTree = "<group>"; };
		878A13832AAFC8A000992123 /* LocationStructs.swift */ = {isa = PBXFileReference; lastKnownFileType = sourcecode.swift; path = LocationStructs.swift; sourceTree = "<group>"; };
		878A138A2AAFC9FD00992123 /* AppView.swift */ = {isa = PBXFileReference; lastKnownFileType = sourcecode.swift; path = AppView.swift; sourceTree = "<group>"; };
		878A138C2AAFCBEE00992123 /* LocationSearchResultsView.swift */ = {isa = PBXFileReference; lastKnownFileType = sourcecode.swift; path = LocationSearchResultsView.swift; sourceTree = "<group>"; };
		878A138E2AAFCC4100992123 /* WeatherLocationsView.swift */ = {isa = PBXFileReference; lastKnownFileType = sourcecode.swift; path = WeatherLocationsView.swift; sourceTree = "<group>"; };
		878A13902AB0F37C00992123 /* DataModels.swift */ = {isa = PBXFileReference; lastKnownFileType = sourcecode.swift; path = DataModels.swift; sourceTree = "<group>"; };
		878A13922AB105BB00992123 /* NewLocationView.swift */ = {isa = PBXFileReference; lastKnownFileType = sourcecode.swift; path = NewLocationView.swift; sourceTree = "<group>"; };
/* End PBXFileReference section */

/* Begin PBXFrameworksBuildPhase section */
		876BB2F72A8DBE8500A2332F /* Frameworks */ = {
			isa = PBXFrameworksBuildPhase;
			buildActionMask = 2147483647;
			files = (
			);
			runOnlyForDeploymentPostprocessing = 0;
		};
/* End PBXFrameworksBuildPhase section */

/* Begin PBXGroup section */
		872B50C32AB37D5D00AED728 /* LocationViews */ = {
			isa = PBXGroup;
			children = (
				878A138C2AAFCBEE00992123 /* LocationSearchResultsView.swift */,
				878A13922AB105BB00992123 /* NewLocationView.swift */,
			);
			path = LocationViews;
			sourceTree = "<group>";
		};
		875B93672AA2B04E00C14984 /* Models */ = {
			isa = PBXGroup;
			children = (
				875B93682AA2B10500C14984 /* DataManager.swift */,
				878A13902AB0F37C00992123 /* DataModels.swift */,
			);
			path = Models;
			sourceTree = "<group>";
		};
		875B936A2AA2B13400C14984 /* Struts&Funcs */ = {
			isa = PBXGroup;
			children = (
				875B936B2AA2B1E700C14984 /* ForecastStruct.swift */,
			);
			path = "Struts&Funcs";
			sourceTree = "<group>";
		};
		875B936F2AA38F0F00C14984 /* SubViews */ = {
			isa = PBXGroup;
			children = (
				875B936D2AA38E4900C14984 /* ShimmerEffectAnimationView.swift */,
			);
			path = SubViews;
			sourceTree = "<group>";
		};
		876BB2F12A8DBE8500A2332F = {
			isa = PBXGroup;
			children = (
				876BB2FC2A8DBE8500A2332F /* WeatherDev */,
				876BB2FB2A8DBE8500A2332F /* Products */,
			);
			sourceTree = "<group>";
		};
		876BB2FB2A8DBE8500A2332F /* Products */ = {
			isa = PBXGroup;
			children = (
				876BB2FA2A8DBE8500A2332F /* WeatherDev.app */,
			);
			name = Products;
			sourceTree = "<group>";
		};
		876BB2FC2A8DBE8500A2332F /* WeatherDev */ = {
			isa = PBXGroup;
			children = (
				876BB2FD2A8DBE8500A2332F /* WeatherDevApp.swift */,
				878A13852AAFC8EF00992123 /* Views */,
				875B93672AA2B04E00C14984 /* Models */,
				875B936A2AA2B13400C14984 /* Struts&Funcs */,
				87A5A1772AA238AD00BD43C3 /* LocationModels */,
				877D5F4D2AABBBD000EB2599 /* ImageFetch */,
				875B936F2AA38F0F00C14984 /* SubViews */,
				876BB3012A8DBE8700A2332F /* Assets.xcassets */,
				876BB3032A8DBE8700A2332F /* WeatherDev.entitlements */,
				87193E512AA1344E004DD59B /* Info.swift */,
				876BB3042A8DBE8700A2332F /* Preview Content */,
			);
			path = WeatherDev;
			sourceTree = "<group>";
		};
		876BB3042A8DBE8700A2332F /* Preview Content */ = {
			isa = PBXGroup;
			children = (
				876BB3052A8DBE8700A2332F /* Preview Assets.xcassets */,
			);
			path = "Preview Content";
			sourceTree = "<group>";
		};
		877D5F4D2AABBBD000EB2599 /* ImageFetch */ = {
			isa = PBXGroup;
			children = (
				877D5F4E2AABBBED00EB2599 /* IconImageView.swift */,
			);
			name = ImageFetch;
			path = OldViews;
			sourceTree = "<group>";
		};
		878A13852AAFC8EF00992123 /* Views */ = {
			isa = PBXGroup;
			children = (
				878A138A2AAFC9FD00992123 /* AppView.swift */,
				878A138E2AAFCC4100992123 /* WeatherLocationsView.swift */,
				872B50C42AB37DB500AED728 /* LocationTileView.swift */,
				874D86F22AB24E60005ABCDB /* WeatherView.swift */,
				875B93652AA2AC8900C14984 /* WeatherTileView.swift */,
				872B50C32AB37D5D00AED728 /* LocationViews */,
			);
			path = Views;
			sourceTree = "<group>";
		};
		87A5A1772AA238AD00BD43C3 /* LocationModels */ = {
			isa = PBXGroup;
			children = (
				873A20212AA11CE10019BBEE /* LocationManager.swift */,
				878A13812AAFBAE700992123 /* LocationSearchModel.swift */,
				878A13832AAFC8A000992123 /* LocationStructs.swift */,
			);
			path = LocationModels;
			sourceTree = "<group>";
		};
/* End PBXGroup section */

/* Begin PBXNativeTarget section */
		876BB2F92A8DBE8500A2332F /* WeatherDev */ = {
			isa = PBXNativeTarget;
			buildConfigurationList = 876BB3092A8DBE8700A2332F /* Build configuration list for PBXNativeTarget "WeatherDev" */;
			buildPhases = (
				876BB2F62A8DBE8500A2332F /* Sources */,
				876BB2F72A8DBE8500A2332F /* Frameworks */,
				876BB2F82A8DBE8500A2332F /* Resources */,
			);
			buildRules = (
			);
			dependencies = (
			);
			name = WeatherDev;
			productName = WeatherDev;
			productReference = 876BB2FA2A8DBE8500A2332F /* WeatherDev.app */;
			productType = "com.apple.product-type.application";
		};
/* End PBXNativeTarget section */

/* Begin PBXProject section */
		876BB2F22A8DBE8500A2332F /* Project object */ = {
			isa = PBXProject;
			attributes = {
				BuildIndependentTargetsInParallel = 1;
				LastSwiftUpdateCheck = 1500;
				LastUpgradeCheck = 1500;
				TargetAttributes = {
					876BB2F92A8DBE8500A2332F = {
						CreatedOnToolsVersion = 15.0;
					};
				};
			};
			buildConfigurationList = 876BB2F52A8DBE8500A2332F /* Build configuration list for PBXProject "WeatherDev" */;
			compatibilityVersion = "Xcode 14.0";
			developmentRegion = en;
			hasScannedForEncodings = 0;
			knownRegions = (
				en,
				Base,
			);
			mainGroup = 876BB2F12A8DBE8500A2332F;
			productRefGroup = 876BB2FB2A8DBE8500A2332F /* Products */;
			projectDirPath = "";
			projectRoot = "";
			targets = (
				876BB2F92A8DBE8500A2332F /* WeatherDev */,
			);
		};
/* End PBXProject section */

/* Begin PBXResourcesBuildPhase section */
		876BB2F82A8DBE8500A2332F /* Resources */ = {
			isa = PBXResourcesBuildPhase;
			buildActionMask = 2147483647;
			files = (
				876BB3062A8DBE8700A2332F /* Preview Assets.xcassets in Resources */,
				876BB3022A8DBE8700A2332F /* Assets.xcassets in Resources */,
			);
			runOnlyForDeploymentPostprocessing = 0;
		};
/* End PBXResourcesBuildPhase section */

/* Begin PBXSourcesBuildPhase section */
		876BB2F62A8DBE8500A2332F /* Sources */ = {
			isa = PBXSourcesBuildPhase;
			buildActionMask = 2147483647;
			files = (
				875B936E2AA38E4900C14984 /* ShimmerEffectAnimationView.swift in Sources */,
				87193E522AA1344E004DD59B /* Info.swift in Sources */,
				876BB2FE2A8DBE8500A2332F /* WeatherDevApp.swift in Sources */,
				878A13842AAFC8A000992123 /* LocationStructs.swift in Sources */,
				872B50C52AB37DB500AED728 /* LocationTileView.swift in Sources */,
				874D86F32AB24E60005ABCDB /* WeatherView.swift in Sources */,
				873A20222AA11CE10019BBEE /* LocationManager.swift in Sources */,
				878A13932AB105BB00992123 /* NewLocationView.swift in Sources */,
				875B936C2AA2B1E700C14984 /* ForecastStruct.swift in Sources */,
				878A138D2AAFCBEE00992123 /* LocationSearchResultsView.swift in Sources */,
				878A13912AB0F37C00992123 /* DataModels.swift in Sources */,
				878A138F2AAFCC4100992123 /* WeatherLocationsView.swift in Sources */,
				875B93692AA2B10500C14984 /* DataManager.swift in Sources */,
				878A138B2AAFC9FD00992123 /* AppView.swift in Sources */,
				878A13822AAFBAE700992123 /* LocationSearchModel.swift in Sources */,
				877D5F4F2AABBBED00EB2599 /* IconImageView.swift in Sources */,
				875B93662AA2AC8900C14984 /* WeatherTileView.swift in Sources */,
			);
			runOnlyForDeploymentPostprocessing = 0;
		};
/* End PBXSourcesBuildPhase section */

/* Begin XCBuildConfiguration section */
		876BB3072A8DBE8700A2332F /* Debug */ = {
			isa = XCBuildConfiguration;
			buildSettings = {
				ALWAYS_SEARCH_USER_PATHS = NO;
				ASSETCATALOG_COMPILER_GENERATE_SWIFT_ASSET_SYMBOL_EXTENSIONS = YES;
				CLANG_ANALYZER_NONNULL = YES;
				CLANG_ANALYZER_NUMBER_OBJECT_CONVERSION = YES_AGGRESSIVE;
				CLANG_CXX_LANGUAGE_STANDARD = "gnu++20";
				CLANG_ENABLE_MODULES = YES;
				CLANG_ENABLE_OBJC_ARC = YES;
				CLANG_ENABLE_OBJC_WEAK = YES;
				CLANG_WARN_BLOCK_CAPTURE_AUTORELEASING = YES;
				CLANG_WARN_BOOL_CONVERSION = YES;
				CLANG_WARN_COMMA = YES;
				CLANG_WARN_CONSTANT_CONVERSION = YES;
				CLANG_WARN_DEPRECATED_OBJC_IMPLEMENTATIONS = YES;
				CLANG_WARN_DIRECT_OBJC_ISA_USAGE = YES_ERROR;
				CLANG_WARN_DOCUMENTATION_COMMENTS = YES;
				CLANG_WARN_EMPTY_BODY = YES;
				CLANG_WARN_ENUM_CONVERSION = YES;
				CLANG_WARN_INFINITE_RECURSION = YES;
				CLANG_WARN_INT_CONVERSION = YES;
				CLANG_WARN_NON_LITERAL_NULL_CONVERSION = YES;
				CLANG_WARN_OBJC_IMPLICIT_RETAIN_SELF = YES;
				CLANG_WARN_OBJC_LITERAL_CONVERSION = YES;
				CLANG_WARN_OBJC_ROOT_CLASS = YES_ERROR;
				CLANG_WARN_QUOTED_INCLUDE_IN_FRAMEWORK_HEADER = YES;
				CLANG_WARN_RANGE_LOOP_ANALYSIS = YES;
				CLANG_WARN_STRICT_PROTOTYPES = YES;
				CLANG_WARN_SUSPICIOUS_MOVE = YES;
				CLANG_WARN_UNGUARDED_AVAILABILITY = YES_AGGRESSIVE;
				CLANG_WARN_UNREACHABLE_CODE = YES;
				CLANG_WARN__DUPLICATE_METHOD_MATCH = YES;
				COPY_PHASE_STRIP = NO;
				DEBUG_INFORMATION_FORMAT = dwarf;
				ENABLE_STRICT_OBJC_MSGSEND = YES;
				ENABLE_TESTABILITY = YES;
				ENABLE_USER_SCRIPT_SANDBOXING = YES;
				GCC_C_LANGUAGE_STANDARD = gnu17;
				GCC_DYNAMIC_NO_PIC = NO;
				GCC_NO_COMMON_BLOCKS = YES;
				GCC_OPTIMIZATION_LEVEL = 0;
				GCC_PREPROCESSOR_DEFINITIONS = (
					"DEBUG=1",
					"$(inherited)",
				);
				GCC_WARN_64_TO_32_BIT_CONVERSION = YES;
				GCC_WARN_ABOUT_RETURN_TYPE = YES_ERROR;
				GCC_WARN_UNDECLARED_SELECTOR = YES;
				GCC_WARN_UNINITIALIZED_AUTOS = YES_AGGRESSIVE;
				GCC_WARN_UNUSED_FUNCTION = YES;
				GCC_WARN_UNUSED_VARIABLE = YES;
				LOCALIZATION_PREFERS_STRING_CATALOGS = YES;
				MTL_ENABLE_DEBUG_INFO = INCLUDE_SOURCE;
				MTL_FAST_MATH = YES;
				ONLY_ACTIVE_ARCH = YES;
				SWIFT_ACTIVE_COMPILATION_CONDITIONS = "DEBUG $(inherited)";
				SWIFT_OPTIMIZATION_LEVEL = "-Onone";
			};
			name = Debug;
		};
		876BB3082A8DBE8700A2332F /* Release */ = {
			isa = XCBuildConfiguration;
			buildSettings = {
				ALWAYS_SEARCH_USER_PATHS = NO;
				ASSETCATALOG_COMPILER_GENERATE_SWIFT_ASSET_SYMBOL_EXTENSIONS = YES;
				CLANG_ANALYZER_NONNULL = YES;
				CLANG_ANALYZER_NUMBER_OBJECT_CONVERSION = YES_AGGRESSIVE;
				CLANG_CXX_LANGUAGE_STANDARD = "gnu++20";
				CLANG_ENABLE_MODULES = YES;
				CLANG_ENABLE_OBJC_ARC = YES;
				CLANG_ENABLE_OBJC_WEAK = YES;
				CLANG_WARN_BLOCK_CAPTURE_AUTORELEASING = YES;
				CLANG_WARN_BOOL_CONVERSION = YES;
				CLANG_WARN_COMMA = YES;
				CLANG_WARN_CONSTANT_CONVERSION = YES;
				CLANG_WARN_DEPRECATED_OBJC_IMPLEMENTATIONS = YES;
				CLANG_WARN_DIRECT_OBJC_ISA_USAGE = YES_ERROR;
				CLANG_WARN_DOCUMENTATION_COMMENTS = YES;
				CLANG_WARN_EMPTY_BODY = YES;
				CLANG_WARN_ENUM_CONVERSION = YES;
				CLANG_WARN_INFINITE_RECURSION = YES;
				CLANG_WARN_INT_CONVERSION = YES;
				CLANG_WARN_NON_LITERAL_NULL_CONVERSION = YES;
				CLANG_WARN_OBJC_IMPLICIT_RETAIN_SELF = YES;
				CLANG_WARN_OBJC_LITERAL_CONVERSION = YES;
				CLANG_WARN_OBJC_ROOT_CLASS = YES_ERROR;
				CLANG_WARN_QUOTED_INCLUDE_IN_FRAMEWORK_HEADER = YES;
				CLANG_WARN_RANGE_LOOP_ANALYSIS = YES;
				CLANG_WARN_STRICT_PROTOTYPES = YES;
				CLANG_WARN_SUSPICIOUS_MOVE = YES;
				CLANG_WARN_UNGUARDED_AVAILABILITY = YES_AGGRESSIVE;
				CLANG_WARN_UNREACHABLE_CODE = YES;
				CLANG_WARN__DUPLICATE_METHOD_MATCH = YES;
				COPY_PHASE_STRIP = NO;
				DEBUG_INFORMATION_FORMAT = "dwarf-with-dsym";
				ENABLE_NS_ASSERTIONS = NO;
				ENABLE_STRICT_OBJC_MSGSEND = YES;
				ENABLE_USER_SCRIPT_SANDBOXING = YES;
				GCC_C_LANGUAGE_STANDARD = gnu17;
				GCC_NO_COMMON_BLOCKS = YES;
				GCC_WARN_64_TO_32_BIT_CONVERSION = YES;
				GCC_WARN_ABOUT_RETURN_TYPE = YES_ERROR;
				GCC_WARN_UNDECLARED_SELECTOR = YES;
				GCC_WARN_UNINITIALIZED_AUTOS = YES_AGGRESSIVE;
				GCC_WARN_UNUSED_FUNCTION = YES;
				GCC_WARN_UNUSED_VARIABLE = YES;
				LOCALIZATION_PREFERS_STRING_CATALOGS = YES;
				MTL_ENABLE_DEBUG_INFO = NO;
				MTL_FAST_MATH = YES;
				SWIFT_COMPILATION_MODE = wholemodule;
			};
			name = Release;
		};
		876BB30A2A8DBE8700A2332F /* Debug */ = {
			isa = XCBuildConfiguration;
			buildSettings = {
				ASSETCATALOG_COMPILER_APPICON_NAME = AppIcon;
				ASSETCATALOG_COMPILER_GLOBAL_ACCENT_COLOR_NAME = AccentColor;
				CODE_SIGN_ENTITLEMENTS = WeatherDev/WeatherDev.entitlements;
				CODE_SIGN_STYLE = Automatic;
				CURRENT_PROJECT_VERSION = 1;
				DEVELOPMENT_ASSET_PATHS = "\"WeatherDev/Preview Content\"";
				DEVELOPMENT_TEAM = 33MAXP8MNQ;
				ENABLE_HARDENED_RUNTIME = YES;
				ENABLE_PREVIEWS = YES;
				GENERATE_INFOPLIST_FILE = YES;
				INFOPLIST_KEY_NSFileProviderDomainUsageDescription = "To get the weather for your location.";
				INFOPLIST_KEY_NSLocationWhenInUseUsageDescription = "To get the weather for your location.";
				"INFOPLIST_KEY_UIApplicationSceneManifest_Generation[sdk=iphoneos*]" = YES;
				"INFOPLIST_KEY_UIApplicationSceneManifest_Generation[sdk=iphonesimulator*]" = YES;
				"INFOPLIST_KEY_UIApplicationSupportsIndirectInputEvents[sdk=iphoneos*]" = YES;
				"INFOPLIST_KEY_UIApplicationSupportsIndirectInputEvents[sdk=iphonesimulator*]" = YES;
				"INFOPLIST_KEY_UILaunchScreen_Generation[sdk=iphoneos*]" = YES;
				"INFOPLIST_KEY_UILaunchScreen_Generation[sdk=iphonesimulator*]" = YES;
				"INFOPLIST_KEY_UIStatusBarStyle[sdk=iphoneos*]" = UIStatusBarStyleDefault;
				"INFOPLIST_KEY_UIStatusBarStyle[sdk=iphonesimulator*]" = UIStatusBarStyleDefault;
				INFOPLIST_KEY_UISupportedInterfaceOrientations_iPad = "UIInterfaceOrientationPortrait UIInterfaceOrientationPortraitUpsideDown UIInterfaceOrientationLandscapeLeft UIInterfaceOrientationLandscapeRight";
				INFOPLIST_KEY_UISupportedInterfaceOrientations_iPhone = "UIInterfaceOrientationPortrait UIInterfaceOrientationLandscapeLeft UIInterfaceOrientationLandscapeRight";
				IPHONEOS_DEPLOYMENT_TARGET = 17.0;
				LD_RUNPATH_SEARCH_PATHS = "@executable_path/Frameworks";
				"LD_RUNPATH_SEARCH_PATHS[sdk=macosx*]" = "@executable_path/../Frameworks";
				MACOSX_DEPLOYMENT_TARGET = 14.0;
				MARKETING_VERSION = 1.0;
				PRODUCT_BUNDLE_IDENTIFIER = com.jasonkoehn.WeatherDev;
				PRODUCT_NAME = "$(TARGET_NAME)";
				SDKROOT = auto;
				SUPPORTED_PLATFORMS = "iphoneos iphonesimulator";
				SUPPORTS_MACCATALYST = NO;
				SUPPORTS_MAC_DESIGNED_FOR_IPHONE_IPAD = YES;
				SWIFT_EMIT_LOC_STRINGS = YES;
				SWIFT_VERSION = 5.0;
				TARGETED_DEVICE_FAMILY = "1,2";
			};
			name = Debug;
		};
		876BB30B2A8DBE8700A2332F /* Release */ = {
			isa = XCBuildConfiguration;
			buildSettings = {
				ASSETCATALOG_COMPILER_APPICON_NAME = AppIcon;
				ASSETCATALOG_COMPILER_GLOBAL_ACCENT_COLOR_NAME = AccentColor;
				CODE_SIGN_ENTITLEMENTS = WeatherDev/WeatherDev.entitlements;
				CODE_SIGN_STYLE = Automatic;
				CURRENT_PROJECT_VERSION = 1;
				DEVELOPMENT_ASSET_PATHS = "\"WeatherDev/Preview Content\"";
				DEVELOPMENT_TEAM = 33MAXP8MNQ;
				ENABLE_HARDENED_RUNTIME = YES;
				ENABLE_PREVIEWS = YES;
				GENERATE_INFOPLIST_FILE = YES;
				INFOPLIST_KEY_NSFileProviderDomainUsageDescription = "To get the weather for your location.";
				INFOPLIST_KEY_NSLocationWhenInUseUsageDescription = "To get the weather for your location.";
				"INFOPLIST_KEY_UIApplicationSceneManifest_Generation[sdk=iphoneos*]" = YES;
				"INFOPLIST_KEY_UIApplicationSceneManifest_Generation[sdk=iphonesimulator*]" = YES;
				"INFOPLIST_KEY_UIApplicationSupportsIndirectInputEvents[sdk=iphoneos*]" = YES;
				"INFOPLIST_KEY_UIApplicationSupportsIndirectInputEvents[sdk=iphonesimulator*]" = YES;
				"INFOPLIST_KEY_UILaunchScreen_Generation[sdk=iphoneos*]" = YES;
				"INFOPLIST_KEY_UILaunchScreen_Generation[sdk=iphonesimulator*]" = YES;
				"INFOPLIST_KEY_UIStatusBarStyle[sdk=iphoneos*]" = UIStatusBarStyleDefault;
				"INFOPLIST_KEY_UIStatusBarStyle[sdk=iphonesimulator*]" = UIStatusBarStyleDefault;
				INFOPLIST_KEY_UISupportedInterfaceOrientations_iPad = "UIInterfaceOrientationPortrait UIInterfaceOrientationPortraitUpsideDown UIInterfaceOrientationLandscapeLeft UIInterfaceOrientationLandscapeRight";
				INFOPLIST_KEY_UISupportedInterfaceOrientations_iPhone = "UIInterfaceOrientationPortrait UIInterfaceOrientationLandscapeLeft UIInterfaceOrientationLandscapeRight";
				IPHONEOS_DEPLOYMENT_TARGET = 17.0;
				LD_RUNPATH_SEARCH_PATHS = "@executable_path/Frameworks";
				"LD_RUNPATH_SEARCH_PATHS[sdk=macosx*]" = "@executable_path/../Frameworks";
				MACOSX_DEPLOYMENT_TARGET = 14.0;
				MARKETING_VERSION = 1.0;
				PRODUCT_BUNDLE_IDENTIFIER = com.jasonkoehn.WeatherDev;
				PRODUCT_NAME = "$(TARGET_NAME)";
				SDKROOT = auto;
				SUPPORTED_PLATFORMS = "iphoneos iphonesimulator";
				SUPPORTS_MACCATALYST = NO;
				SUPPORTS_MAC_DESIGNED_FOR_IPHONE_IPAD = YES;
				SWIFT_EMIT_LOC_STRINGS = YES;
				SWIFT_VERSION = 5.0;
				TARGETED_DEVICE_FAMILY = "1,2";
			};
			name = Release;
		};
/* End XCBuildConfiguration section */

/* Begin XCConfigurationList section */
		876BB2F52A8DBE8500A2332F /* Build configuration list for PBXProject "WeatherDev" */ = {
			isa = XCConfigurationList;
			buildConfigurations = (
				876BB3072A8DBE8700A2332F /* Debug */,
				876BB3082A8DBE8700A2332F /* Release */,
			);
			defaultConfigurationIsVisible = 0;
			defaultConfigurationName = Release;
		};
		876BB3092A8DBE8700A2332F /* Build configuration list for PBXNativeTarget "WeatherDev" */ = {
			isa = XCConfigurationList;
			buildConfigurations = (
				876BB30A2A8DBE8700A2332F /* Debug */,
				876BB30B2A8DBE8700A2332F /* Release */,
			);
			defaultConfigurationIsVisible = 0;
			defaultConfigurationName = Release;
		};
/* End XCConfigurationList section */
	};
	rootObject = 876BB2F22A8DBE8500A2332F /* Project object */;
}
